
Microsoft Visual Studio Solution File, Format Version 12.00
# Visual Studio Version 16
VisualStudioVersion = 16.0.29519.181
MinimumVisualStudioVersion = 10.0.40219.1
Project("{FAE04EC0-301F-11D3-BF4B-00C04F79EFBC}") = "HackerRank_AppleAndOrange", "HackerRank_AppleAndOrange.csproj", "{0AEB366E-C925-4AFB-A035-FCAD9B8C73F6}"
EndProject
Global
	GlobalSection(SolutionConfigurationPlatforms) = preSolution
		Debug|Any CPU = Debug|Any CPU
		Release|Any CPU = Release|Any CPU
	EndGlobalSection
	GlobalSection(ProjectConfigurationPlatforms) = postSolution
		{0AEB366E-C925-4AFB-A035-FCAD9B8C73F6}.Debug|Any CPU.ActiveCfg = Debug|Any CPU
		{0AEB366E-C925-4AFB-A035-FCAD9B8C73F6}.Debug|Any CPU.Build.0 = Debug|Any CPU
		{0AEB366E-C925-4AFB-A035-FCAD9B8C73F6}.Release|Any CPU.ActiveCfg = Release|Any CPU
		{0AEB366E-C925-4AFB-A035-FCAD9B8C73F6}.Release|Any CPU.Build.0 = Release|Any CPU
	EndGlobalSection
	GlobalSection(SolutionProperties) = preSolution
		HideSolutionNode = FALSE
	EndGlobalSection
	GlobalSection(ExtensibilityGlobals) = postSolution
		SolutionGuid = {37E0CC31-3969-4B44-B535-B77D57ED8976}
	EndGlobalSection
EndGlobal
