
Microsoft Visual Studio Solution File, Format Version 12.00
# Visual Studio Version 16
VisualStudioVersion = 16.0.29519.181
MinimumVisualStudioVersion = 10.0.40219.1
Project("{FAE04EC0-301F-11D3-BF4B-00C04F79EFBC}") = "HackerRank_DiagonalDifference", "HackerRank_DiagonalDifference.csproj", "{A4A3DB27-B59F-40BA-AB49-C975E320A616}"
EndProject
Global
	GlobalSection(SolutionConfigurationPlatforms) = preSolution
		Debug|Any CPU = Debug|Any CPU
		Release|Any CPU = Release|Any CPU
	EndGlobalSection
	GlobalSection(ProjectConfigurationPlatforms) = postSolution
		{A4A3DB27-B59F-40BA-AB49-C975E320A616}.Debug|Any CPU.ActiveCfg = Debug|Any CPU
		{A4A3DB27-B59F-40BA-AB49-C975E320A616}.Debug|Any CPU.Build.0 = Debug|Any CPU
		{A4A3DB27-B59F-40BA-AB49-C975E320A616}.Release|Any CPU.ActiveCfg = Release|Any CPU
		{A4A3DB27-B59F-40BA-AB49-C975E320A616}.Release|Any CPU.Build.0 = Release|Any CPU
	EndGlobalSection
	GlobalSection(SolutionProperties) = preSolution
		HideSolutionNode = FALSE
	EndGlobalSection
	GlobalSection(ExtensibilityGlobals) = postSolution
		SolutionGuid = {175041FA-2F06-4346-9CD0-B0C4608E0075}
	EndGlobalSection
EndGlobal
