
Microsoft Visual Studio Solution File, Format Version 12.00
# Visual Studio Version 16
VisualStudioVersion = 16.0.29519.181
MinimumVisualStudioVersion = 10.0.40219.1
Project("{FAE04EC0-301F-11D3-BF4B-00C04F79EFBC}") = "_3_1_recursion_countDown", "_3_1_recursion_countDown.csproj", "{B7F0259A-D5B9-4210-A923-4B4589B052BF}"
EndProject
Global
	GlobalSection(SolutionConfigurationPlatforms) = preSolution
		Debug|Any CPU = Debug|Any CPU
		Release|Any CPU = Release|Any CPU
	EndGlobalSection
	GlobalSection(ProjectConfigurationPlatforms) = postSolution
		{B7F0259A-D5B9-4210-A923-4B4589B052BF}.Debug|Any CPU.ActiveCfg = Debug|Any CPU
		{B7F0259A-D5B9-4210-A923-4B4589B052BF}.Debug|Any CPU.Build.0 = Debug|Any CPU
		{B7F0259A-D5B9-4210-A923-4B4589B052BF}.Release|Any CPU.ActiveCfg = Release|Any CPU
		{B7F0259A-D5B9-4210-A923-4B4589B052BF}.Release|Any CPU.Build.0 = Release|Any CPU
	EndGlobalSection
	GlobalSection(SolutionProperties) = preSolution
		HideSolutionNode = FALSE
	EndGlobalSection
	GlobalSection(ExtensibilityGlobals) = postSolution
		SolutionGuid = {164C8E38-94CF-4E17-9E71-17387FA08EF2}
	EndGlobalSection
EndGlobal
