
Microsoft Visual Studio Solution File, Format Version 12.00
# Visual Studio Version 16
VisualStudioVersion = 16.0.29519.181
MinimumVisualStudioVersion = 10.0.40219.1
Project("{FAE04EC0-301F-11D3-BF4B-00C04F79EFBC}") = "_3_2_recursion_greet", "_3_2_recursion_greet.csproj", "{7380FC86-721E-4B9A-BD98-DB58B40554CE}"
EndProject
Global
	GlobalSection(SolutionConfigurationPlatforms) = preSolution
		Debug|Any CPU = Debug|Any CPU
		Release|Any CPU = Release|Any CPU
	EndGlobalSection
	GlobalSection(ProjectConfigurationPlatforms) = postSolution
		{7380FC86-721E-4B9A-BD98-DB58B40554CE}.Debug|Any CPU.ActiveCfg = Debug|Any CPU
		{7380FC86-721E-4B9A-BD98-DB58B40554CE}.Debug|Any CPU.Build.0 = Debug|Any CPU
		{7380FC86-721E-4B9A-BD98-DB58B40554CE}.Release|Any CPU.ActiveCfg = Release|Any CPU
		{7380FC86-721E-4B9A-BD98-DB58B40554CE}.Release|Any CPU.Build.0 = Release|Any CPU
	EndGlobalSection
	GlobalSection(SolutionProperties) = preSolution
		HideSolutionNode = FALSE
	EndGlobalSection
	GlobalSection(ExtensibilityGlobals) = postSolution
		SolutionGuid = {8FD03557-495A-4944-9731-F1F5E0EA0EE8}
	EndGlobalSection
EndGlobal
