
Microsoft Visual Studio Solution File, Format Version 12.00
# Visual Studio Version 16
VisualStudioVersion = 16.0.29519.181
MinimumVisualStudioVersion = 10.0.40219.1
Project("{FAE04EC0-301F-11D3-BF4B-00C04F79EFBC}") = "_4_3_quicksort_recursive_count", "_4_3_quicksort_recursive_count.csproj", "{DBFBB00A-3819-48F9-AEB8-0E268FDEF25F}"
EndProject
Global
	GlobalSection(SolutionConfigurationPlatforms) = preSolution
		Debug|Any CPU = Debug|Any CPU
		Release|Any CPU = Release|Any CPU
	EndGlobalSection
	GlobalSection(ProjectConfigurationPlatforms) = postSolution
		{DBFBB00A-3819-48F9-AEB8-0E268FDEF25F}.Debug|Any CPU.ActiveCfg = Debug|Any CPU
		{DBFBB00A-3819-48F9-AEB8-0E268FDEF25F}.Debug|Any CPU.Build.0 = Debug|Any CPU
		{DBFBB00A-3819-48F9-AEB8-0E268FDEF25F}.Release|Any CPU.ActiveCfg = Release|Any CPU
		{DBFBB00A-3819-48F9-AEB8-0E268FDEF25F}.Release|Any CPU.Build.0 = Release|Any CPU
	EndGlobalSection
	GlobalSection(SolutionProperties) = preSolution
		HideSolutionNode = FALSE
	EndGlobalSection
	GlobalSection(ExtensibilityGlobals) = postSolution
		SolutionGuid = {49402A80-EC67-4A3D-A113-A343B5F4422A}
	EndGlobalSection
EndGlobal
