
Microsoft Visual Studio Solution File, Format Version 12.00
# Visual Studio Version 16
VisualStudioVersion = 16.0.29911.84
MinimumVisualStudioVersion = 10.0.40219.1
Project("{FAE04EC0-301F-11D3-BF4B-00C04F79EFBC}") = "LeetCode_nextGreaterNodeInLinked", "LeetCode_nextGreaterNodeInLinked\LeetCode_nextGreaterNodeInLinked.csproj", "{EDC6B48F-221D-4462-A359-D525973C6DBB}"
EndProject
Global
	GlobalSection(SolutionConfigurationPlatforms) = preSolution
		Debug|Any CPU = Debug|Any CPU
		Release|Any CPU = Release|Any CPU
	EndGlobalSection
	GlobalSection(ProjectConfigurationPlatforms) = postSolution
		{EDC6B48F-221D-4462-A359-D525973C6DBB}.Debug|Any CPU.ActiveCfg = Debug|Any CPU
		{EDC6B48F-221D-4462-A359-D525973C6DBB}.Debug|Any CPU.Build.0 = Debug|Any CPU
		{EDC6B48F-221D-4462-A359-D525973C6DBB}.Release|Any CPU.ActiveCfg = Release|Any CPU
		{EDC6B48F-221D-4462-A359-D525973C6DBB}.Release|Any CPU.Build.0 = Release|Any CPU
	EndGlobalSection
	GlobalSection(SolutionProperties) = preSolution
		HideSolutionNode = FALSE
	EndGlobalSection
	GlobalSection(ExtensibilityGlobals) = postSolution
		SolutionGuid = {38B49B2F-8FF3-4D0E-989F-23ED753310D0}
	EndGlobalSection
EndGlobal
