
Microsoft Visual Studio Solution File, Format Version 12.00
# Visual Studio Version 16
VisualStudioVersion = 16.0.30002.166
MinimumVisualStudioVersion = 10.0.40219.1
Project("{FAE04EC0-301F-11D3-BF4B-00C04F79EFBC}") = "MSFT_ValidPalindrome", "MSFT_ValidPalindrome.csproj", "{DDBF61F5-75C4-452D-B5AF-D5B3351F6210}"
EndProject
Global
	GlobalSection(SolutionConfigurationPlatforms) = preSolution
		Debug|Any CPU = Debug|Any CPU
		Release|Any CPU = Release|Any CPU
	EndGlobalSection
	GlobalSection(ProjectConfigurationPlatforms) = postSolution
		{DDBF61F5-75C4-452D-B5AF-D5B3351F6210}.Debug|Any CPU.ActiveCfg = Debug|Any CPU
		{DDBF61F5-75C4-452D-B5AF-D5B3351F6210}.Debug|Any CPU.Build.0 = Debug|Any CPU
		{DDBF61F5-75C4-452D-B5AF-D5B3351F6210}.Release|Any CPU.ActiveCfg = Release|Any CPU
		{DDBF61F5-75C4-452D-B5AF-D5B3351F6210}.Release|Any CPU.Build.0 = Release|Any CPU
	EndGlobalSection
	GlobalSection(SolutionProperties) = preSolution
		HideSolutionNode = FALSE
	EndGlobalSection
	GlobalSection(ExtensibilityGlobals) = postSolution
		SolutionGuid = {6FE56076-1F18-4774-985F-262B7CCE4E20}
	EndGlobalSection
EndGlobal
