
Microsoft Visual Studio Solution File, Format Version 12.00
# Visual Studio Version 16
VisualStudioVersion = 16.0.29519.181
MinimumVisualStudioVersion = 10.0.40219.1
Project("{FAE04EC0-301F-11D3-BF4B-00C04F79EFBC}") = "Array", "Array.csproj", "{79EA995B-5F43-4B32-AAD7-04CE605071FF}"
EndProject
Global
	GlobalSection(SolutionConfigurationPlatforms) = preSolution
		Debug|Any CPU = Debug|Any CPU
		Release|Any CPU = Release|Any CPU
	EndGlobalSection
	GlobalSection(ProjectConfigurationPlatforms) = postSolution
		{79EA995B-5F43-4B32-AAD7-04CE605071FF}.Debug|Any CPU.ActiveCfg = Debug|Any CPU
		{79EA995B-5F43-4B32-AAD7-04CE605071FF}.Debug|Any CPU.Build.0 = Debug|Any CPU
		{79EA995B-5F43-4B32-AAD7-04CE605071FF}.Release|Any CPU.ActiveCfg = Release|Any CPU
		{79EA995B-5F43-4B32-AAD7-04CE605071FF}.Release|Any CPU.Build.0 = Release|Any CPU
	EndGlobalSection
	GlobalSection(SolutionProperties) = preSolution
		HideSolutionNode = FALSE
	EndGlobalSection
	GlobalSection(ExtensibilityGlobals) = postSolution
		SolutionGuid = {33F1C671-7D97-4527-8CFE-456F27CAF480}
	EndGlobalSection
EndGlobal
