
Microsoft Visual Studio Solution File, Format Version 12.00
# Visual Studio 15
VisualStudioVersion = 15.0.28307.1062
MinimumVisualStudioVersion = 10.0.40219.1
Project("{FAE04EC0-301F-11D3-BF4B-00C04F79EFBC}") = "Enum_Struct", "Enum_Struct\Enum_Struct.csproj", "{63150D0A-C031-4A62-A2F8-531178603D5D}"
EndProject
Global
	GlobalSection(SolutionConfigurationPlatforms) = preSolution
		Debug|Any CPU = Debug|Any CPU
		Release|Any CPU = Release|Any CPU
	EndGlobalSection
	GlobalSection(ProjectConfigurationPlatforms) = postSolution
		{63150D0A-C031-4A62-A2F8-531178603D5D}.Debug|Any CPU.ActiveCfg = Debug|Any CPU
		{63150D0A-C031-4A62-A2F8-531178603D5D}.Debug|Any CPU.Build.0 = Debug|Any CPU
		{63150D0A-C031-4A62-A2F8-531178603D5D}.Release|Any CPU.ActiveCfg = Release|Any CPU
		{63150D0A-C031-4A62-A2F8-531178603D5D}.Release|Any CPU.Build.0 = Release|Any CPU
	EndGlobalSection
	GlobalSection(SolutionProperties) = preSolution
		HideSolutionNode = FALSE
	EndGlobalSection
	GlobalSection(ExtensibilityGlobals) = postSolution
		SolutionGuid = {66A981EC-C63C-4F16-BDEF-BA5B9834BA83}
	EndGlobalSection
EndGlobal
