
Microsoft Visual Studio Solution File, Format Version 12.00
# Visual Studio Version 16
VisualStudioVersion = 16.0.29911.84
MinimumVisualStudioVersion = 10.0.40219.1
Project("{FAE04EC0-301F-11D3-BF4B-00C04F79EFBC}") = "MSFT_ReverseString", "MSFT_ReverseString.csproj", "{3539BB73-059A-4C1B-BD42-EB3B6E801ED7}"
EndProject
Global
	GlobalSection(SolutionConfigurationPlatforms) = preSolution
		Debug|Any CPU = Debug|Any CPU
		Release|Any CPU = Release|Any CPU
	EndGlobalSection
	GlobalSection(ProjectConfigurationPlatforms) = postSolution
		{3539BB73-059A-4C1B-BD42-EB3B6E801ED7}.Debug|Any CPU.ActiveCfg = Debug|Any CPU
		{3539BB73-059A-4C1B-BD42-EB3B6E801ED7}.Debug|Any CPU.Build.0 = Debug|Any CPU
		{3539BB73-059A-4C1B-BD42-EB3B6E801ED7}.Release|Any CPU.ActiveCfg = Release|Any CPU
		{3539BB73-059A-4C1B-BD42-EB3B6E801ED7}.Release|Any CPU.Build.0 = Release|Any CPU
	EndGlobalSection
	GlobalSection(SolutionProperties) = preSolution
		HideSolutionNode = FALSE
	EndGlobalSection
	GlobalSection(ExtensibilityGlobals) = postSolution
		SolutionGuid = {872B7A17-5B19-4ED2-BDC0-61AE97E4334F}
	EndGlobalSection
EndGlobal
